// !$*UTF8*$!
{
	archiveVersion = 1;
	classes = {
	};
	objectVersion = 52;
	objects = {

/* Begin PBXBuildFile section */
		019B5C902381176F00C8456D /* AppDelegate.swift in Sources */ = {isa = PBXBuildFile; fileRef = 019B5C8F2381176F00C8456D /* AppDelegate.swift */; };
		019B5C922381176F00C8456D /* SceneDelegate.swift in Sources */ = {isa = PBXBuildFile; fileRef = 019B5C912381176F00C8456D /* SceneDelegate.swift */; };
		019B5C942381176F00C8456D /* MainController.swift in Sources */ = {isa = PBXBuildFile; fileRef = 019B5C932381176F00C8456D /* MainController.swift */; };
		019B5C972381176F00C8456D /* Main.storyboard in Resources */ = {isa = PBXBuildFile; fileRef = 019B5C952381176F00C8456D /* Main.storyboard */; };
		019B5C992381177000C8456D /* Assets.xcassets in Resources */ = {isa = PBXBuildFile; fileRef = 019B5C982381177000C8456D /* Assets.xcassets */; };
		019B5C9C2381177000C8456D /* LaunchScreen.storyboard in Resources */ = {isa = PBXBuildFile; fileRef = 019B5C9A2381177000C8456D /* LaunchScreen.storyboard */; };
		019B5CA52381184400C8456D /* Stevia in Frameworks */ = {isa = PBXBuildFile; productRef = 019B5CA42381184400C8456D /* Stevia */; };
		019B5CA723811AB700C8456D /* Transaction.swift in Sources */ = {isa = PBXBuildFile; fileRef = 019B5CA623811AB700C8456D /* Transaction.swift */; };
		019B5CA923811C7000C8456D /* TransactionCell.swift in Sources */ = {isa = PBXBuildFile; fileRef = 019B5CA823811C7000C8456D /* TransactionCell.swift */; };
		019B5CAB23811D9400C8456D /* TransactionView.swift in Sources */ = {isa = PBXBuildFile; fileRef = 019B5CAA23811D9400C8456D /* TransactionView.swift */; };
		019B5CB0238125F500C8456D /* AddTransactionController.swift in Sources */ = {isa = PBXBuildFile; fileRef = 019B5CAF238125F500C8456D /* AddTransactionController.swift */; };
		019B5CB22381262B00C8456D /* AddTransactionView.swift in Sources */ = {isa = PBXBuildFile; fileRef = 019B5CB12381262B00C8456D /* AddTransactionView.swift */; };
		019B5CB42381268200C8456D /* AddTransactionInputView.swift in Sources */ = {isa = PBXBuildFile; fileRef = 019B5CB32381268200C8456D /* AddTransactionInputView.swift */; };
		019B5CB72381360900C8456D /* TrackingService.swift in Sources */ = {isa = PBXBuildFile; fileRef = 019B5CB62381360900C8456D /* TrackingService.swift */; };
		019B5CBE2381F6E800C8456D /* GainsView.swift in Sources */ = {isa = PBXBuildFile; fileRef = 019B5CBD2381F6E800C8456D /* GainsView.swift */; };
		019B5CC0238203C600C8456D /* UIStackView+TaxTracker.swift in Sources */ = {isa = PBXBuildFile; fileRef = 019B5CBF238203C600C8456D /* UIStackView+TaxTracker.swift */; };
		019B5CC2238208C700C8456D /* Date+TaxTracker.swift in Sources */ = {isa = PBXBuildFile; fileRef = 019B5CC1238208C700C8456D /* Date+TaxTracker.swift */; };
/* End PBXBuildFile section */

/* Begin PBXFileReference section */
		019B5C8C2381176F00C8456D /* TaxTracker.app */ = {isa = PBXFileReference; explicitFileType = wrapper.application; includeInIndex = 0; path = TaxTracker.app; sourceTree = BUILT_PRODUCTS_DIR; };
		019B5C8F2381176F00C8456D /* AppDelegate.swift */ = {isa = PBXFileReference; lastKnownFileType = sourcecode.swift; path = AppDelegate.swift; sourceTree = "<group>"; };
		019B5C912381176F00C8456D /* SceneDelegate.swift */ = {isa = PBXFileReference; lastKnownFileType = sourcecode.swift; path = SceneDelegate.swift; sourceTree = "<group>"; };
		019B5C932381176F00C8456D /* MainController.swift */ = {isa = PBXFileReference; lastKnownFileType = sourcecode.swift; path = MainController.swift; sourceTree = "<group>"; };
		019B5C962381176F00C8456D /* Base */ = {isa = PBXFileReference; lastKnownFileType = file.storyboard; name = Base; path = Base.lproj/Main.storyboard; sourceTree = "<group>"; };
		019B5C982381177000C8456D /* Assets.xcassets */ = {isa = PBXFileReference; lastKnownFileType = folder.assetcatalog; path = Assets.xcassets; sourceTree = "<group>"; };
		019B5C9B2381177000C8456D /* Base */ = {isa = PBXFileReference; lastKnownFileType = file.storyboard; name = Base; path = Base.lproj/LaunchScreen.storyboard; sourceTree = "<group>"; };
		019B5C9D2381177000C8456D /* Info.plist */ = {isa = PBXFileReference; lastKnownFileType = text.plist.xml; path = Info.plist; sourceTree = "<group>"; };
		019B5CA623811AB700C8456D /* Transaction.swift */ = {isa = PBXFileReference; lastKnownFileType = sourcecode.swift; path = Transaction.swift; sourceTree = "<group>"; };
		019B5CA823811C7000C8456D /* TransactionCell.swift */ = {isa = PBXFileReference; lastKnownFileType = sourcecode.swift; path = TransactionCell.swift; sourceTree = "<group>"; };
		019B5CAA23811D9400C8456D /* TransactionView.swift */ = {isa = PBXFileReference; lastKnownFileType = sourcecode.swift; path = TransactionView.swift; sourceTree = "<group>"; };
		019B5CAF238125F500C8456D /* AddTransactionController.swift */ = {isa = PBXFileReference; lastKnownFileType = sourcecode.swift; path = AddTransactionController.swift; sourceTree = "<group>"; };
		019B5CB12381262B00C8456D /* AddTransactionView.swift */ = {isa = PBXFileReference; lastKnownFileType = sourcecode.swift; path = AddTransactionView.swift; sourceTree = "<group>"; };
		019B5CB32381268200C8456D /* AddTransactionInputView.swift */ = {isa = PBXFileReference; lastKnownFileType = sourcecode.swift; path = AddTransactionInputView.swift; sourceTree = "<group>"; };
		019B5CB62381360900C8456D /* TrackingService.swift */ = {isa = PBXFileReference; lastKnownFileType = sourcecode.swift; path = TrackingService.swift; sourceTree = "<group>"; };
		019B5CBD2381F6E800C8456D /* GainsView.swift */ = {isa = PBXFileReference; lastKnownFileType = sourcecode.swift; path = GainsView.swift; sourceTree = "<group>"; };
		019B5CBF238203C600C8456D /* UIStackView+TaxTracker.swift */ = {isa = PBXFileReference; lastKnownFileType = sourcecode.swift; path = "UIStackView+TaxTracker.swift"; sourceTree = "<group>"; };
		019B5CC1238208C700C8456D /* Date+TaxTracker.swift */ = {isa = PBXFileReference; lastKnownFileType = sourcecode.swift; path = "Date+TaxTracker.swift"; sourceTree = "<group>"; };
/* End PBXFileReference section */

/* Begin PBXFrameworksBuildPhase section */
		019B5C892381176F00C8456D /* Frameworks */ = {
			isa = PBXFrameworksBuildPhase;
			buildActionMask = 2147483647;
			files = (
				019B5CA52381184400C8456D /* Stevia in Frameworks */,
			);
			runOnlyForDeploymentPostprocessing = 0;
		};
/* End PBXFrameworksBuildPhase section */

/* Begin PBXGroup section */
		019B5C832381176F00C8456D = {
			isa = PBXGroup;
			children = (
				019B5C8E2381176F00C8456D /* TaxTracker */,
				019B5C8D2381176F00C8456D /* Products */,
			);
			sourceTree = "<group>";
		};
		019B5C8D2381176F00C8456D /* Products */ = {
			isa = PBXGroup;
			children = (
				019B5C8C2381176F00C8456D /* TaxTracker.app */,
			);
			name = Products;
			sourceTree = "<group>";
		};
		019B5C8E2381176F00C8456D /* TaxTracker */ = {
			isa = PBXGroup;
			children = (
				019B5CB82381C24700C8456D /* Extension */,
				019B5CB5238135F700C8456D /* Service */,
				019B5CAC2381239C00C8456D /* Model */,
				019B5CAD238123AB00C8456D /* View */,
				019B5CAE238123BB00C8456D /* Controller */,
				019B5C8F2381176F00C8456D /* AppDelegate.swift */,
				019B5C912381176F00C8456D /* SceneDelegate.swift */,
				019B5C952381176F00C8456D /* Main.storyboard */,
				019B5C982381177000C8456D /* Assets.xcassets */,
				019B5C9A2381177000C8456D /* LaunchScreen.storyboard */,
				019B5C9D2381177000C8456D /* Info.plist */,
			);
			path = TaxTracker;
			sourceTree = "<group>";
		};
		019B5CAC2381239C00C8456D /* Model */ = {
			isa = PBXGroup;
			children = (
				019B5CA623811AB700C8456D /* Transaction.swift */,
			);
			path = Model;
			sourceTree = "<group>";
		};
		019B5CAD238123AB00C8456D /* View */ = {
			isa = PBXGroup;
			children = (
				019B5CA823811C7000C8456D /* TransactionCell.swift */,
				019B5CAA23811D9400C8456D /* TransactionView.swift */,
				019B5CB12381262B00C8456D /* AddTransactionView.swift */,
				019B5CB32381268200C8456D /* AddTransactionInputView.swift */,
				019B5CBD2381F6E800C8456D /* GainsView.swift */,
			);
			path = View;
			sourceTree = "<group>";
		};
		019B5CAE238123BB00C8456D /* Controller */ = {
			isa = PBXGroup;
			children = (
				019B5C932381176F00C8456D /* MainController.swift */,
				019B5CAF238125F500C8456D /* AddTransactionController.swift */,
			);
			path = Controller;
			sourceTree = "<group>";
		};
		019B5CB5238135F700C8456D /* Service */ = {
			isa = PBXGroup;
			children = (
				019B5CB62381360900C8456D /* TrackingService.swift */,
			);
			path = Service;
			sourceTree = "<group>";
		};
		019B5CB82381C24700C8456D /* Extension */ = {
			isa = PBXGroup;
			children = (
				019B5CBF238203C600C8456D /* UIStackView+TaxTracker.swift */,
				019B5CC1238208C700C8456D /* Date+TaxTracker.swift */,
			);
			path = Extension;
			sourceTree = "<group>";
		};
/* End PBXGroup section */

/* Begin PBXNativeTarget section */
		019B5C8B2381176F00C8456D /* TaxTracker */ = {
			isa = PBXNativeTarget;
			buildConfigurationList = 019B5CA02381177000C8456D /* Build configuration list for PBXNativeTarget "TaxTracker" */;
			buildPhases = (
				019B5C882381176F00C8456D /* Sources */,
				019B5C892381176F00C8456D /* Frameworks */,
				019B5C8A2381176F00C8456D /* Resources */,
			);
			buildRules = (
			);
			dependencies = (
			);
			name = TaxTracker;
			packageProductDependencies = (
				019B5CA42381184400C8456D /* Stevia */,
			);
			productName = TaxTracker;
			productReference = 019B5C8C2381176F00C8456D /* TaxTracker.app */;
			productType = "com.apple.product-type.application";
		};
/* End PBXNativeTarget section */

/* Begin PBXProject section */
		019B5C842381176F00C8456D /* Project object */ = {
			isa = PBXProject;
			attributes = {
				LastSwiftUpdateCheck = 1110;
				LastUpgradeCheck = 1110;
				ORGANIZATIONNAME = "Nicholas Wong";
				TargetAttributes = {
					019B5C8B2381176F00C8456D = {
						CreatedOnToolsVersion = 11.1;
					};
				};
			};
			buildConfigurationList = 019B5C872381176F00C8456D /* Build configuration list for PBXProject "TaxTracker" */;
			compatibilityVersion = "Xcode 9.3";
			developmentRegion = en;
			hasScannedForEncodings = 0;
			knownRegions = (
				en,
				Base,
			);
			mainGroup = 019B5C832381176F00C8456D;
			packageReferences = (
				019B5CA32381184400C8456D /* XCRemoteSwiftPackageReference "Stevia" */,
			);
			productRefGroup = 019B5C8D2381176F00C8456D /* Products */;
			projectDirPath = "";
			projectRoot = "";
			targets = (
				019B5C8B2381176F00C8456D /* TaxTracker */,
			);
		};
/* End PBXProject section */

/* Begin PBXResourcesBuildPhase section */
		019B5C8A2381176F00C8456D /* Resources */ = {
			isa = PBXResourcesBuildPhase;
			buildActionMask = 2147483647;
			files = (
				019B5C9C2381177000C8456D /* LaunchScreen.storyboard in Resources */,
				019B5C992381177000C8456D /* Assets.xcassets in Resources */,
				019B5C972381176F00C8456D /* Main.storyboard in Resources */,
			);
			runOnlyForDeploymentPostprocessing = 0;
		};
/* End PBXResourcesBuildPhase section */

/* Begin PBXSourcesBuildPhase section */
		019B5C882381176F00C8456D /* Sources */ = {
			isa = PBXSourcesBuildPhase;
			buildActionMask = 2147483647;
			files = (
				019B5CB42381268200C8456D /* AddTransactionInputView.swift in Sources */,
				019B5C942381176F00C8456D /* MainController.swift in Sources */,
				019B5C902381176F00C8456D /* AppDelegate.swift in Sources */,
				019B5CA723811AB700C8456D /* Transaction.swift in Sources */,
				019B5CA923811C7000C8456D /* TransactionCell.swift in Sources */,
				019B5CB0238125F500C8456D /* AddTransactionController.swift in Sources */,
				019B5CB22381262B00C8456D /* AddTransactionView.swift in Sources */,
				019B5CC2238208C700C8456D /* Date+TaxTracker.swift in Sources */,
				019B5CB72381360900C8456D /* TrackingService.swift in Sources */,
				019B5C922381176F00C8456D /* SceneDelegate.swift in Sources */,
				019B5CAB23811D9400C8456D /* TransactionView.swift in Sources */,
				019B5CBE2381F6E800C8456D /* GainsView.swift in Sources */,
				019B5CC0238203C600C8456D /* UIStackView+TaxTracker.swift in Sources */,
			);
			runOnlyForDeploymentPostprocessing = 0;
		};
/* End PBXSourcesBuildPhase section */

/* Begin PBXVariantGroup section */
		019B5C952381176F00C8456D /* Main.storyboard */ = {
			isa = PBXVariantGroup;
			children = (
				019B5C962381176F00C8456D /* Base */,
			);
			name = Main.storyboard;
			sourceTree = "<group>";
		};
		019B5C9A2381177000C8456D /* LaunchScreen.storyboard */ = {
			isa = PBXVariantGroup;
			children = (
				019B5C9B2381177000C8456D /* Base */,
			);
			name = LaunchScreen.storyboard;
			sourceTree = "<group>";
		};
/* End PBXVariantGroup section */

/* Begin XCBuildConfiguration section */
		019B5C9E2381177000C8456D /* Debug */ = {
			isa = XCBuildConfiguration;
			buildSettings = {
				ALWAYS_SEARCH_USER_PATHS = NO;
				CLANG_ANALYZER_NONNULL = YES;
				CLANG_ANALYZER_NUMBER_OBJECT_CONVERSION = YES_AGGRESSIVE;
				CLANG_CXX_LANGUAGE_STANDARD = "gnu++14";
				CLANG_CXX_LIBRARY = "libc++";
				CLANG_ENABLE_MODULES = YES;
				CLANG_ENABLE_OBJC_ARC = YES;
				CLANG_ENABLE_OBJC_WEAK = YES;
				CLANG_WARN_BLOCK_CAPTURE_AUTORELEASING = YES;
				CLANG_WARN_BOOL_CONVERSION = YES;
				CLANG_WARN_COMMA = YES;
				CLANG_WARN_CONSTANT_CONVERSION = YES;
				CLANG_WARN_DEPRECATED_OBJC_IMPLEMENTATIONS = YES;
				CLANG_WARN_DIRECT_OBJC_ISA_USAGE = YES_ERROR;
				CLANG_WARN_DOCUMENTATION_COMMENTS = YES;
				CLANG_WARN_EMPTY_BODY = YES;
				CLANG_WARN_ENUM_CONVERSION = YES;
				CLANG_WARN_INFINITE_RECURSION = YES;
				CLANG_WARN_INT_CONVERSION = YES;
				CLANG_WARN_NON_LITERAL_NULL_CONVERSION = YES;
				CLANG_WARN_OBJC_IMPLICIT_RETAIN_SELF = YES;
				CLANG_WARN_OBJC_LITERAL_CONVERSION = YES;
				CLANG_WARN_OBJC_ROOT_CLASS = YES_ERROR;
				CLANG_WARN_RANGE_LOOP_ANALYSIS = YES;
				CLANG_WARN_STRICT_PROTOTYPES = YES;
				CLANG_WARN_SUSPICIOUS_MOVE = YES;
				CLANG_WARN_UNGUARDED_AVAILABILITY = YES_AGGRESSIVE;
				CLANG_WARN_UNREACHABLE_CODE = YES;
				CLANG_WARN__DUPLICATE_METHOD_MATCH = YES;
				COPY_PHASE_STRIP = NO;
				DEBUG_INFORMATION_FORMAT = dwarf;
				ENABLE_STRICT_OBJC_MSGSEND = YES;
				ENABLE_TESTABILITY = YES;
				GCC_C_LANGUAGE_STANDARD = gnu11;
				GCC_DYNAMIC_NO_PIC = NO;
				GCC_NO_COMMON_BLOCKS = YES;
				GCC_OPTIMIZATION_LEVEL = 0;
				GCC_PREPROCESSOR_DEFINITIONS = (
					"DEBUG=1",
					"$(inherited)",
				);
				GCC_WARN_64_TO_32_BIT_CONVERSION = YES;
				GCC_WARN_ABOUT_RETURN_TYPE = YES_ERROR;
				GCC_WARN_UNDECLARED_SELECTOR = YES;
				GCC_WARN_UNINITIALIZED_AUTOS = YES_AGGRESSIVE;
				GCC_WARN_UNUSED_FUNCTION = YES;
				GCC_WARN_UNUSED_VARIABLE = YES;
				IPHONEOS_DEPLOYMENT_TARGET = 13.1;
				MTL_ENABLE_DEBUG_INFO = INCLUDE_SOURCE;
				MTL_FAST_MATH = YES;
				ONLY_ACTIVE_ARCH = YES;
				SDKROOT = iphoneos;
				SWIFT_ACTIVE_COMPILATION_CONDITIONS = DEBUG;
				SWIFT_OPTIMIZATION_LEVEL = "-Onone";
			};
			name = Debug;
		};
		019B5C9F2381177000C8456D /* Release */ = {
			isa = XCBuildConfiguration;
			buildSettings = {
				ALWAYS_SEARCH_USER_PATHS = NO;
				CLANG_ANALYZER_NONNULL = YES;
				CLANG_ANALYZER_NUMBER_OBJECT_CONVERSION = YES_AGGRESSIVE;
				CLANG_CXX_LANGUAGE_STANDARD = "gnu++14";
				CLANG_CXX_LIBRARY = "libc++";
				CLANG_ENABLE_MODULES = YES;
				CLANG_ENABLE_OBJC_ARC = YES;
				CLANG_ENABLE_OBJC_WEAK = YES;
				CLANG_WARN_BLOCK_CAPTURE_AUTORELEASING = YES;
				CLANG_WARN_BOOL_CONVERSION = YES;
				CLANG_WARN_COMMA = YES;
				CLANG_WARN_CONSTANT_CONVERSION = YES;
				CLANG_WARN_DEPRECATED_OBJC_IMPLEMENTATIONS = YES;
				CLANG_WARN_DIRECT_OBJC_ISA_USAGE = YES_ERROR;
				CLANG_WARN_DOCUMENTATION_COMMENTS = YES;
				CLANG_WARN_EMPTY_BODY = YES;
				CLANG_WARN_ENUM_CONVERSION = YES;
				CLANG_WARN_INFINITE_RECURSION = YES;
				CLANG_WARN_INT_CONVERSION = YES;
				CLANG_WARN_NON_LITERAL_NULL_CONVERSION = YES;
				CLANG_WARN_OBJC_IMPLICIT_RETAIN_SELF = YES;
				CLANG_WARN_OBJC_LITERAL_CONVERSION = YES;
				CLANG_WARN_OBJC_ROOT_CLASS = YES_ERROR;
				CLANG_WARN_RANGE_LOOP_ANALYSIS = YES;
				CLANG_WARN_STRICT_PROTOTYPES = YES;
				CLANG_WARN_SUSPICIOUS_MOVE = YES;
				CLANG_WARN_UNGUARDED_AVAILABILITY = YES_AGGRESSIVE;
				CLANG_WARN_UNREACHABLE_CODE = YES;
				CLANG_WARN__DUPLICATE_METHOD_MATCH = YES;
				COPY_PHASE_STRIP = NO;
				DEBUG_INFORMATION_FORMAT = "dwarf-with-dsym";
				ENABLE_NS_ASSERTIONS = NO;
				ENABLE_STRICT_OBJC_MSGSEND = YES;
				GCC_C_LANGUAGE_STANDARD = gnu11;
				GCC_NO_COMMON_BLOCKS = YES;
				GCC_WARN_64_TO_32_BIT_CONVERSION = YES;
				GCC_WARN_ABOUT_RETURN_TYPE = YES_ERROR;
				GCC_WARN_UNDECLARED_SELECTOR = YES;
				GCC_WARN_UNINITIALIZED_AUTOS = YES_AGGRESSIVE;
				GCC_WARN_UNUSED_FUNCTION = YES;
				GCC_WARN_UNUSED_VARIABLE = YES;
				IPHONEOS_DEPLOYMENT_TARGET = 13.1;
				MTL_ENABLE_DEBUG_INFO = NO;
				MTL_FAST_MATH = YES;
				SDKROOT = iphoneos;
				SWIFT_COMPILATION_MODE = wholemodule;
				SWIFT_OPTIMIZATION_LEVEL = "-O";
				VALIDATE_PRODUCT = YES;
			};
			name = Release;
		};
		019B5CA12381177000C8456D /* Debug */ = {
			isa = XCBuildConfiguration;
			buildSettings = {
				ASSETCATALOG_COMPILER_APPICON_NAME = AppIcon;
				CODE_SIGN_STYLE = Automatic;
				INFOPLIST_FILE = TaxTracker/Info.plist;
				LD_RUNPATH_SEARCH_PATHS = (
					"$(inherited)",
					"@executable_path/Frameworks",
				);
				PRODUCT_BUNDLE_IDENTIFIER = com.nicwzx.TaxTracker;
				PRODUCT_NAME = "$(TARGET_NAME)";
				SWIFT_VERSION = 5.0;
				TARGETED_DEVICE_FAMILY = "1,2";
			};
			name = Debug;
		};
		019B5CA22381177000C8456D /* Release */ = {
			isa = XCBuildConfiguration;
			buildSettings = {
				ASSETCATALOG_COMPILER_APPICON_NAME = AppIcon;
				CODE_SIGN_STYLE = Automatic;
				INFOPLIST_FILE = TaxTracker/Info.plist;
				LD_RUNPATH_SEARCH_PATHS = (
					"$(inherited)",
					"@executable_path/Frameworks",
				);
				PRODUCT_BUNDLE_IDENTIFIER = com.nicwzx.TaxTracker;
				PRODUCT_NAME = "$(TARGET_NAME)";
				SWIFT_VERSION = 5.0;
				TARGETED_DEVICE_FAMILY = "1,2";
			};
			name = Release;
		};
/* End XCBuildConfiguration section */

/* Begin XCConfigurationList section */
		019B5C872381176F00C8456D /* Build configuration list for PBXProject "TaxTracker" */ = {
			isa = XCConfigurationList;
			buildConfigurations = (
				019B5C9E2381177000C8456D /* Debug */,
				019B5C9F2381177000C8456D /* Release */,
			);
			defaultConfigurationIsVisible = 0;
			defaultConfigurationName = Release;
		};
		019B5CA02381177000C8456D /* Build configuration list for PBXNativeTarget "TaxTracker" */ = {
			isa = XCConfigurationList;
			buildConfigurations = (
				019B5CA12381177000C8456D /* Debug */,
				019B5CA22381177000C8456D /* Release */,
			);
			defaultConfigurationIsVisible = 0;
			defaultConfigurationName = Release;
		};
/* End XCConfigurationList section */

/* Begin XCRemoteSwiftPackageReference section */
		019B5CA32381184400C8456D /* XCRemoteSwiftPackageReference "Stevia" */ = {
			isa = XCRemoteSwiftPackageReference;
			repositoryURL = "https://github.com/freshOS/Stevia";
			requirement = {
				kind = upToNextMajorVersion;
				minimumVersion = 4.7.2;
			};
		};
/* End XCRemoteSwiftPackageReference section */

/* Begin XCSwiftPackageProductDependency section */
		019B5CA42381184400C8456D /* Stevia */ = {
			isa = XCSwiftPackageProductDependency;
			package = 019B5CA32381184400C8456D /* XCRemoteSwiftPackageReference "Stevia" */;
			productName = Stevia;
		};
/* End XCSwiftPackageProductDependency section */
	};
	rootObject = 019B5C842381176F00C8456D /* Project object */;
}
